
Microsoft Visual Studio Solution File, Format Version 12.00
# Visual Studio Version 17
VisualStudioVersion = 17.4.33205.214
MinimumVisualStudioVersion = 10.0.40219.1
Project("{9A19103F-16F7-4668-BE54-9A1E7A4F7556}") = "RobotBloger.Domain", "RobotBloger.Domain\RobotBloger.Domain.csproj", "{03B14335-C01D-4237-8C40-CCEEA53FD2FA}"
EndProject
Project("{9A19103F-16F7-4668-BE54-9A1E7A4F7556}") = "RobotBloger.Infrastrucute.Data", "RobotBloger.Infrastrucute.Data\RobotBloger.Infrastrucute.Data.csproj", "{E733E994-21CE-45AA-B90D-D0B984CEA829}"
EndProject
Project("{9A19103F-16F7-4668-BE54-9A1E7A4F7556}") = "RobotBloger.Application.Services", "RobotBloger.Application.Services\RobotBloger.Application.Services.csproj", "{F397349B-2D1A-4921-8683-B931C7FB8667}"
EndProject
Project("{FAE04EC0-301F-11D3-BF4B-00C04F79EFBC}") = "RobotBloger.Api", "RobotBloger.Api\RobotBloger.Api.csproj", "{82455F65-6B0A-4001-B7BF-474F0C80E0B6}"
EndProject
Global
	GlobalSection(SolutionConfigurationPlatforms) = preSolution
		Debug|Any CPU = Debug|Any CPU
		Release|Any CPU = Release|Any CPU
	EndGlobalSection
	GlobalSection(ProjectConfigurationPlatforms) = postSolution
		{03B14335-C01D-4237-8C40-CCEEA53FD2FA}.Debug|Any CPU.ActiveCfg = Debug|Any CPU
		{03B14335-C01D-4237-8C40-CCEEA53FD2FA}.Debug|Any CPU.Build.0 = Debug|Any CPU
		{03B14335-C01D-4237-8C40-CCEEA53FD2FA}.Release|Any CPU.ActiveCfg = Release|Any CPU
		{03B14335-C01D-4237-8C40-CCEEA53FD2FA}.Release|Any CPU.Build.0 = Release|Any CPU
		{E733E994-21CE-45AA-B90D-D0B984CEA829}.Debug|Any CPU.ActiveCfg = Debug|Any CPU
		{E733E994-21CE-45AA-B90D-D0B984CEA829}.Debug|Any CPU.Build.0 = Debug|Any CPU
		{E733E994-21CE-45AA-B90D-D0B984CEA829}.Release|Any CPU.ActiveCfg = Release|Any CPU
		{E733E994-21CE-45AA-B90D-D0B984CEA829}.Release|Any CPU.Build.0 = Release|Any CPU
		{F397349B-2D1A-4921-8683-B931C7FB8667}.Debug|Any CPU.ActiveCfg = Debug|Any CPU
		{F397349B-2D1A-4921-8683-B931C7FB8667}.Debug|Any CPU.Build.0 = Debug|Any CPU
		{F397349B-2D1A-4921-8683-B931C7FB8667}.Release|Any CPU.ActiveCfg = Release|Any CPU
		{F397349B-2D1A-4921-8683-B931C7FB8667}.Release|Any CPU.Build.0 = Release|Any CPU
		{82455F65-6B0A-4001-B7BF-474F0C80E0B6}.Debug|Any CPU.ActiveCfg = Debug|Any CPU
		{82455F65-6B0A-4001-B7BF-474F0C80E0B6}.Debug|Any CPU.Build.0 = Debug|Any CPU
		{82455F65-6B0A-4001-B7BF-474F0C80E0B6}.Release|Any CPU.ActiveCfg = Release|Any CPU
		{82455F65-6B0A-4001-B7BF-474F0C80E0B6}.Release|Any CPU.Build.0 = Release|Any CPU
	EndGlobalSection
	GlobalSection(SolutionProperties) = preSolution
		HideSolutionNode = FALSE
	EndGlobalSection
	GlobalSection(ExtensibilityGlobals) = postSolution
		SolutionGuid = {F13AEB42-BCBD-4CEB-B775-16543B017E25}
	EndGlobalSection
EndGlobal
